
Microsoft Visual Studio Solution File, Format Version 12.00
# Visual Studio Version 16
VisualStudioVersion = 16.0.29230.47
MinimumVisualStudioVersion = 10.0.40219.1
Project("{FAE04EC0-301F-11D3-BF4B-00C04F79EFBC}") = "WebApplication1", "WebApplication1\WebApplication1.csproj", "{6BA2A9C0-6729-41EE-A34F-488D6B2C336D}"
EndProject
Project("{FAE04EC0-301F-11D3-BF4B-00C04F79EFBC}") = "ReServeDatabase", "..\..\ReServeDatabase\ReServeDatabase.csproj", "{B7FA65BC-B9DF-4ADD-8B5C-446371A38439}"
EndProject
Project("{FAE04EC0-301F-11D3-BF4B-00C04F79EFBC}") = "ReServeWebAPI", "ReServeWebAPI\ReServeWebAPI.csproj", "{4425915B-CF5F-4B08-87D9-65581DA7832D}"
EndProject
Project("{FAE04EC0-301F-11D3-BF4B-00C04F79EFBC}") = "ReServeDataAccess", "ReServeDataAccess\ReServeDataAccess.csproj", "{BCAD71B9-6BCB-471B-8014-B6592B9DE513}"
EndProject
Global
	GlobalSection(SolutionConfigurationPlatforms) = preSolution
		Debug|Any CPU = Debug|Any CPU
		Release|Any CPU = Release|Any CPU
	EndGlobalSection
	GlobalSection(ProjectConfigurationPlatforms) = postSolution
		{6BA2A9C0-6729-41EE-A34F-488D6B2C336D}.Debug|Any CPU.ActiveCfg = Debug|Any CPU
		{6BA2A9C0-6729-41EE-A34F-488D6B2C336D}.Debug|Any CPU.Build.0 = Debug|Any CPU
		{6BA2A9C0-6729-41EE-A34F-488D6B2C336D}.Release|Any CPU.ActiveCfg = Release|Any CPU
		{6BA2A9C0-6729-41EE-A34F-488D6B2C336D}.Release|Any CPU.Build.0 = Release|Any CPU
		{B7FA65BC-B9DF-4ADD-8B5C-446371A38439}.Debug|Any CPU.ActiveCfg = Debug|Any CPU
		{B7FA65BC-B9DF-4ADD-8B5C-446371A38439}.Debug|Any CPU.Build.0 = Debug|Any CPU
		{B7FA65BC-B9DF-4ADD-8B5C-446371A38439}.Release|Any CPU.ActiveCfg = Release|Any CPU
		{B7FA65BC-B9DF-4ADD-8B5C-446371A38439}.Release|Any CPU.Build.0 = Release|Any CPU
		{4425915B-CF5F-4B08-87D9-65581DA7832D}.Debug|Any CPU.ActiveCfg = Debug|Any CPU
		{4425915B-CF5F-4B08-87D9-65581DA7832D}.Debug|Any CPU.Build.0 = Debug|Any CPU
		{4425915B-CF5F-4B08-87D9-65581DA7832D}.Release|Any CPU.ActiveCfg = Release|Any CPU
		{4425915B-CF5F-4B08-87D9-65581DA7832D}.Release|Any CPU.Build.0 = Release|Any CPU
		{BCAD71B9-6BCB-471B-8014-B6592B9DE513}.Debug|Any CPU.ActiveCfg = Debug|Any CPU
		{BCAD71B9-6BCB-471B-8014-B6592B9DE513}.Debug|Any CPU.Build.0 = Debug|Any CPU
		{BCAD71B9-6BCB-471B-8014-B6592B9DE513}.Release|Any CPU.ActiveCfg = Release|Any CPU
		{BCAD71B9-6BCB-471B-8014-B6592B9DE513}.Release|Any CPU.Build.0 = Release|Any CPU
	EndGlobalSection
	GlobalSection(SolutionProperties) = preSolution
		HideSolutionNode = FALSE
	EndGlobalSection
	GlobalSection(ExtensibilityGlobals) = postSolution
		SolutionGuid = {2AAD031E-1A87-49E7-B8FE-D33DBFB89E82}
	EndGlobalSection
EndGlobal
