
Microsoft Visual Studio Solution File, Format Version 12.00
# Visual Studio Version 16
VisualStudioVersion = 16.0.29326.143
MinimumVisualStudioVersion = 10.0.40219.1
Project("{FAE04EC0-301F-11D3-BF4B-00C04F79EFBC}") = "ReServeAPI", "ReServeAPI\ReServeAPI.csproj", "{BA0D4DF4-4A6A-4CA2-B8BC-DE8DCCA7AC5E}"
EndProject
Project("{FAE04EC0-301F-11D3-BF4B-00C04F79EFBC}") = "ReServeAccess", "ReServeAccess\ReServeAccess.csproj", "{661801B1-EC3A-4F89-9622-710967BBD87A}"
EndProject
Global
	GlobalSection(SolutionConfigurationPlatforms) = preSolution
		Debug|Any CPU = Debug|Any CPU
		Release|Any CPU = Release|Any CPU
	EndGlobalSection
	GlobalSection(ProjectConfigurationPlatforms) = postSolution
		{BA0D4DF4-4A6A-4CA2-B8BC-DE8DCCA7AC5E}.Debug|Any CPU.ActiveCfg = Debug|Any CPU
		{BA0D4DF4-4A6A-4CA2-B8BC-DE8DCCA7AC5E}.Debug|Any CPU.Build.0 = Debug|Any CPU
		{BA0D4DF4-4A6A-4CA2-B8BC-DE8DCCA7AC5E}.Release|Any CPU.ActiveCfg = Release|Any CPU
		{BA0D4DF4-4A6A-4CA2-B8BC-DE8DCCA7AC5E}.Release|Any CPU.Build.0 = Release|Any CPU
		{661801B1-EC3A-4F89-9622-710967BBD87A}.Debug|Any CPU.ActiveCfg = Debug|Any CPU
		{661801B1-EC3A-4F89-9622-710967BBD87A}.Debug|Any CPU.Build.0 = Debug|Any CPU
		{661801B1-EC3A-4F89-9622-710967BBD87A}.Release|Any CPU.ActiveCfg = Release|Any CPU
		{661801B1-EC3A-4F89-9622-710967BBD87A}.Release|Any CPU.Build.0 = Release|Any CPU
	EndGlobalSection
	GlobalSection(SolutionProperties) = preSolution
		HideSolutionNode = FALSE
	EndGlobalSection
	GlobalSection(ExtensibilityGlobals) = postSolution
		SolutionGuid = {1304E673-6920-4D4F-815A-52379E0568BD}
	EndGlobalSection
EndGlobal
